
Microsoft Visual Studio Solution File, Format Version 12.00
# Visual Studio Version 17
VisualStudioVersion = 17.7.34018.315
MinimumVisualStudioVersion = 10.0.40219.1
Project("{2150E333-8FDC-42A3-9474-1A3956D46DE8}") = "Microservice", "Microservice", "{73BFA8CD-A564-459B-8B63-77C926A3CB83}"
EndProject
Project("{9A19103F-16F7-4668-BE54-9A1E7A4F7556}") = "AccountWebAPI", "AccountWebAPI\AccountWebAPI.csproj", "{761296BF-E795-4021-8662-77B9EFE29DD3}"
EndProject
Global
	GlobalSection(SolutionConfigurationPlatforms) = preSolution
		Debug|Any CPU = Debug|Any CPU
		Release|Any CPU = Release|Any CPU
	EndGlobalSection
	GlobalSection(ProjectConfigurationPlatforms) = postSolution
		{761296BF-E795-4021-8662-77B9EFE29DD3}.Debug|Any CPU.ActiveCfg = Debug|Any CPU
		{761296BF-E795-4021-8662-77B9EFE29DD3}.Debug|Any CPU.Build.0 = Debug|Any CPU
		{761296BF-E795-4021-8662-77B9EFE29DD3}.Release|Any CPU.ActiveCfg = Release|Any CPU
		{761296BF-E795-4021-8662-77B9EFE29DD3}.Release|Any CPU.Build.0 = Release|Any CPU
	EndGlobalSection
	GlobalSection(SolutionProperties) = preSolution
		HideSolutionNode = FALSE
	EndGlobalSection
	GlobalSection(NestedProjects) = preSolution
		{761296BF-E795-4021-8662-77B9EFE29DD3} = {73BFA8CD-A564-459B-8B63-77C926A3CB83}
	EndGlobalSection
	GlobalSection(ExtensibilityGlobals) = postSolution
		SolutionGuid = {4A2F6508-AECC-4628-989B-F3301CEF2DBE}
	EndGlobalSection
EndGlobal
